
Microsoft Visual Studio Solution File, Format Version 12.00
# Visual Studio Version 16
VisualStudioVersion = 16.0.29424.173
MinimumVisualStudioVersion = 10.0.40219.1
Project("{FAE04EC0-301F-11D3-BF4B-00C04F79EFBC}") = "Appointment", "Appointment\Appointment.csproj", "{FCBEF00F-F8CB-4838-B3C8-A435BD8DEDCA}"
EndProject
Global
	GlobalSection(SolutionConfigurationPlatforms) = preSolution
		Debug|Any CPU = Debug|Any CPU
		Release|Any CPU = Release|Any CPU
	EndGlobalSection
	GlobalSection(ProjectConfigurationPlatforms) = postSolution
		{FCBEF00F-F8CB-4838-B3C8-A435BD8DEDCA}.Debug|Any CPU.ActiveCfg = Debug|Any CPU
		{FCBEF00F-F8CB-4838-B3C8-A435BD8DEDCA}.Debug|Any CPU.Build.0 = Debug|Any CPU
		{FCBEF00F-F8CB-4838-B3C8-A435BD8DEDCA}.Release|Any CPU.ActiveCfg = Release|Any CPU
		{FCBEF00F-F8CB-4838-B3C8-A435BD8DEDCA}.Release|Any CPU.Build.0 = Release|Any CPU
	EndGlobalSection
	GlobalSection(SolutionProperties) = preSolution
		HideSolutionNode = FALSE
	EndGlobalSection
	GlobalSection(ExtensibilityGlobals) = postSolution
		SolutionGuid = {4AD8F410-87AC-44CD-ABE6-900DB7E23192}
	EndGlobalSection
EndGlobal
